// !$*UTF8*$!
{
	archiveVersion = 1;
	classes = {
	};
	objectVersion = 46;
	objects = {

/* Begin PBXBuildFile section */
		0546D1A38E13BD319CC9755B /* OscReceivedElements.cpp in Sources */ = {isa = PBXBuildFile; fileRef = 9BF3AA0D4FAA89D0F8A0E545 /* OscReceivedElements.cpp */; };
		49B1F9B56CEA63884D8845D3 /* MacroManager.cpp in Sources */ = {isa = PBXBuildFile; fileRef = E740F950093E09583E361105 /* MacroManager.cpp */; };
		4ADB88E2FB52E76A471065DE /* ofxOscParameterSync.cpp in Sources */ = {isa = PBXBuildFile; fileRef = 0AED834CE4DEC5260AF302A2 /* ofxOscParameterSync.cpp */; };
		4EB402282053CC2800FE82BE /* RippleView.cpp in Sources */ = {isa = PBXBuildFile; fileRef = 4EB402262053CC2800FE82BE /* RippleView.cpp */; };
		510CAFE035E576A4E1502D52 /* UdpSocket.cpp in Sources */ = {isa = PBXBuildFile; fileRef = E6DEF695B88BA5FAACEAA937 /* UdpSocket.cpp */; };
		5355E99D8BBC71222AA2B9FD /* ofxFXObject.cpp in Sources */ = {isa = PBXBuildFile; fileRef = 4CF06DA01D9A4561A5001B28 /* ofxFXObject.cpp */; };
		53716395CF8713546DEE6173 /* OSCManager.cpp in Sources */ = {isa = PBXBuildFile; fileRef = C9BA1A21B87272FB6C63246C /* OSCManager.cpp */; };
		5864AD82E20F15536D054EA3 /* ofxOscMessage.cpp in Sources */ = {isa = PBXBuildFile; fileRef = DF49D76C45D5DB505A234880 /* ofxOscMessage.cpp */; };
		62545D179C94265CA1389D4A /* OscOutboundPacketStream.cpp in Sources */ = {isa = PBXBuildFile; fileRef = 63A47AC60FFAFC3BF093EC0F /* OscOutboundPacketStream.cpp */; };
		640279EE111671BD026CB013 /* ofxOscReceiver.cpp in Sources */ = {isa = PBXBuildFile; fileRef = C2FAC65C491D4231379F3298 /* ofxOscReceiver.cpp */; };
		67FE4C7B15C2F0478C8126C2 /* NetworkingUtils.cpp in Sources */ = {isa = PBXBuildFile; fileRef = 3B361208CD4107E479F04E7B /* NetworkingUtils.cpp */; };
		72A929D3561B8232A182ABFC /* ofxOscBundle.cpp in Sources */ = {isa = PBXBuildFile; fileRef = 65EEFA3DA3526E9CDD9C21F9 /* ofxOscBundle.cpp */; };
		7D69542A383EC92AC11E75E2 /* Model.cpp in Sources */ = {isa = PBXBuildFile; fileRef = 0786CDCD99FFE02933C3791C /* Model.cpp */; };
		879A251454401BC0B6E4F238 /* OscTypes.cpp in Sources */ = {isa = PBXBuildFile; fileRef = D9BFFBBF4CC43DEE890B3C3E /* OscTypes.cpp */; };
		8F5205AEF8861EF234F0651A /* ofxOscSender.cpp in Sources */ = {isa = PBXBuildFile; fileRef = 81967292BFC87A0144BD32C6 /* ofxOscSender.cpp */; };
		ADE367465D2A8EBAD4C7A8D9 /* IpEndpointName.cpp in Sources */ = {isa = PBXBuildFile; fileRef = ADD194746185E2DA11468377 /* IpEndpointName.cpp */; };
		C4782ECC372420ACE0615B74 /* OscPrintReceivedElements.cpp in Sources */ = {isa = PBXBuildFile; fileRef = BC8881B3C8C0A1C45F042E7A /* OscPrintReceivedElements.cpp */; };
		E4328149138ABC9F0047C5CB /* openFrameworksDebug.a in Frameworks */ = {isa = PBXBuildFile; fileRef = E4328148138ABC890047C5CB /* openFrameworksDebug.a */; };
		E4B69E200A3A1BDC003C02F2 /* main.cpp in Sources */ = {isa = PBXBuildFile; fileRef = E4B69E1D0A3A1BDC003C02F2 /* main.cpp */; };
		E4B69E210A3A1BDC003C02F2 /* ofApp.cpp in Sources */ = {isa = PBXBuildFile; fileRef = E4B69E1E0A3A1BDC003C02F2 /* ofApp.cpp */; };
/* End PBXBuildFile section */

/* Begin PBXContainerItemProxy section */
		E4328147138ABC890047C5CB /* PBXContainerItemProxy */ = {
			isa = PBXContainerItemProxy;
			containerPortal = E4328143138ABC890047C5CB /* openFrameworksLib.xcodeproj */;
			proxyType = 2;
			remoteGlobalIDString = E4B27C1510CBEB8E00536013;
			remoteInfo = openFrameworks;
		};
		E4EEB9AB138B136A00A80321 /* PBXContainerItemProxy */ = {
			isa = PBXContainerItemProxy;
			containerPortal = E4328143138ABC890047C5CB /* openFrameworksLib.xcodeproj */;
			proxyType = 1;
			remoteGlobalIDString = E4B27C1410CBEB8E00536013;
			remoteInfo = openFrameworks;
		};
/* End PBXContainerItemProxy section */

/* Begin PBXCopyFilesBuildPhase section */
		E4C2427710CC5ABF004149E2 /* CopyFiles */ = {
			isa = PBXCopyFilesBuildPhase;
			buildActionMask = 2147483647;
			dstPath = "";
			dstSubfolderSpec = 10;
			files = (
			);
			runOnlyForDeploymentPostprocessing = 0;
		};
/* End PBXCopyFilesBuildPhase section */

/* Begin PBXFileReference section */
		00D6D32B84B099226431108C /* ofxOsc.h */ = {isa = PBXFileReference; explicitFileType = sourcecode.c.h; fileEncoding = 30; name = ofxOsc.h; path = ../../../addons/ofxOsc/src/ofxOsc.h; sourceTree = SOURCE_ROOT; };
		029684CF678F70F6D3537A29 /* OscOutboundPacketStream.h */ = {isa = PBXFileReference; explicitFileType = sourcecode.c.h; fileEncoding = 30; name = OscOutboundPacketStream.h; path = ../../../addons/ofxOsc/libs/oscpack/src/osc/OscOutboundPacketStream.h; sourceTree = SOURCE_ROOT; };
		0360379409DFE7926EFACB24 /* ofxFX.h */ = {isa = PBXFileReference; explicitFileType = sourcecode.c.h; fileEncoding = 30; name = ofxFX.h; path = ../../../addons/ofxFX/src/ofxFX.h; sourceTree = SOURCE_ROOT; };
		0786CDCD99FFE02933C3791C /* Model.cpp */ = {isa = PBXFileReference; explicitFileType = sourcecode.cpp.cpp; fileEncoding = 30; name = Model.cpp; path = src/model/Model.cpp; sourceTree = SOURCE_ROOT; };
		0AB01C0F3826CAA2AE964347 /* ofxFXObject.h */ = {isa = PBXFileReference; explicitFileType = sourcecode.c.h; fileEncoding = 30; name = ofxFXObject.h; path = ../../../addons/ofxFX/src/ofxFXObject.h; sourceTree = SOURCE_ROOT; };
		0AED834CE4DEC5260AF302A2 /* ofxOscParameterSync.cpp */ = {isa = PBXFileReference; explicitFileType = sourcecode.cpp.cpp; fileEncoding = 30; name = ofxOscParameterSync.cpp; path = ../../../addons/ofxOsc/src/ofxOscParameterSync.cpp; sourceTree = SOURCE_ROOT; };
		0EB7FA30228FFC0E433EE3A8 /* ofxSubstract.h */ = {isa = PBXFileReference; explicitFileType = sourcecode.c.h; fileEncoding = 30; name = ofxSubstract.h; path = ../../../addons/ofxFX/src/operations/ofxSubstract.h; sourceTree = SOURCE_ROOT; };
		1A2ED38D79EB9CC8B3E113E4 /* ofxInverse.h */ = {isa = PBXFileReference; explicitFileType = sourcecode.c.h; fileEncoding = 30; name = ofxInverse.h; path = ../../../addons/ofxFX/src/filters/ofxInverse.h; sourceTree = SOURCE_ROOT; };
		200F5DF5E39CFECD07DAD5C7 /* ofxContrast.h */ = {isa = PBXFileReference; explicitFileType = sourcecode.c.h; fileEncoding = 30; name = ofxContrast.h; path = ../../../addons/ofxFX/src/filters/ofxContrast.h; sourceTree = SOURCE_ROOT; };
		20F35AFADAF0068B067E713F /* OscReceivedElements.h */ = {isa = PBXFileReference; explicitFileType = sourcecode.c.h; fileEncoding = 30; name = OscReceivedElements.h; path = ../../../addons/ofxOsc/libs/oscpack/src/osc/OscReceivedElements.h; sourceTree = SOURCE_ROOT; };
		22D82B140684245A264395B8 /* ofxBlur.h */ = {isa = PBXFileReference; explicitFileType = sourcecode.c.h; fileEncoding = 30; name = ofxBlur.h; path = ../../../addons/ofxFX/src/filters/ofxBlur.h; sourceTree = SOURCE_ROOT; };
		23640F57DF6C4BB6BFC5DA4C /* PacketListener.h */ = {isa = PBXFileReference; explicitFileType = sourcecode.c.h; fileEncoding = 30; name = PacketListener.h; path = ../../../addons/ofxOsc/libs/oscpack/src/ip/PacketListener.h; sourceTree = SOURCE_ROOT; };
		264BD182AA1893377670C038 /* ofxBarrelChromaAb.h */ = {isa = PBXFileReference; explicitFileType = sourcecode.c.h; fileEncoding = 30; name = ofxBarrelChromaAb.h; path = ../../../addons/ofxFX/src/filters/ofxBarrelChromaAb.h; sourceTree = SOURCE_ROOT; };
		2FD4B0329909D3527F003494 /* UdpSocket.h */ = {isa = PBXFileReference; explicitFileType = sourcecode.c.h; fileEncoding = 30; name = UdpSocket.h; path = ../../../addons/ofxOsc/libs/oscpack/src/ip/UdpSocket.h; sourceTree = SOURCE_ROOT; };
		3A731B10E475E26DE2463937 /* ofxNormals.h */ = {isa = PBXFileReference; explicitFileType = sourcecode.c.h; fileEncoding = 30; name = ofxNormals.h; path = ../../../addons/ofxFX/src/operations/ofxNormals.h; sourceTree = SOURCE_ROOT; };
		3B361208CD4107E479F04E7B /* NetworkingUtils.cpp */ = {isa = PBXFileReference; explicitFileType = sourcecode.cpp.cpp; fileEncoding = 30; name = NetworkingUtils.cpp; path = ../../../addons/ofxOsc/libs/oscpack/src/ip/posix/NetworkingUtils.cpp; sourceTree = SOURCE_ROOT; };
		444657A12E59D0ED86981498 /* TimerListener.h */ = {isa = PBXFileReference; explicitFileType = sourcecode.c.h; fileEncoding = 30; name = TimerListener.h; path = ../../../addons/ofxOsc/libs/oscpack/src/ip/TimerListener.h; sourceTree = SOURCE_ROOT; };
		478BFF07E8302C4318515A52 /* ofxChromaGlitch.h */ = {isa = PBXFileReference; explicitFileType = sourcecode.c.h; fileEncoding = 30; name = ofxChromaGlitch.h; path = ../../../addons/ofxFX/src/filters/ofxChromaGlitch.h; sourceTree = SOURCE_ROOT; };
		48974F980F51769171D0B2F5 /* IpEndpointName.h */ = {isa = PBXFileReference; explicitFileType = sourcecode.c.h; fileEncoding = 30; name = IpEndpointName.h; path = ../../../addons/ofxOsc/libs/oscpack/src/ip/IpEndpointName.h; sourceTree = SOURCE_ROOT; };
		4945618E448568E991F2EC95 /* ofxBlend.h */ = {isa = PBXFileReference; explicitFileType = sourcecode.c.h; fileEncoding = 30; name = ofxBlend.h; path = ../../../addons/ofxFX/src/composers/ofxBlend.h; sourceTree = SOURCE_ROOT; };
		4976D4D0EB5D35AAE81DE51A /* ofxFlow.h */ = {isa = PBXFileReference; explicitFileType = sourcecode.c.h; fileEncoding = 30; name = ofxFlow.h; path = ../../../addons/ofxFX/src/operations/ofxFlow.h; sourceTree = SOURCE_ROOT; };
		4CF06DA01D9A4561A5001B28 /* ofxFXObject.cpp */ = {isa = PBXFileReference; explicitFileType = sourcecode.cpp.cpp; fileEncoding = 30; name = ofxFXObject.cpp; path = ../../../addons/ofxFX/src/ofxFXObject.cpp; sourceTree = SOURCE_ROOT; };
		4E95FB446A9C9C6F0DE12D75 /* OscPrintReceivedElements.h */ = {isa = PBXFileReference; explicitFileType = sourcecode.c.h; fileEncoding = 30; name = OscPrintReceivedElements.h; path = ../../../addons/ofxOsc/libs/oscpack/src/osc/OscPrintReceivedElements.h; sourceTree = SOURCE_ROOT; };
		4EB402262053CC2800FE82BE /* RippleView.cpp */ = {isa = PBXFileReference; lastKnownFileType = sourcecode.cpp.cpp; path = RippleView.cpp; sourceTree = "<group>"; };
		4EB402272053CC2800FE82BE /* RippleView.hpp */ = {isa = PBXFileReference; lastKnownFileType = sourcecode.cpp.h; path = RippleView.hpp; sourceTree = "<group>"; };
		58CDE3BE1C014BD0DC3CB32E /* ofxGrayscale.h */ = {isa = PBXFileReference; explicitFileType = sourcecode.c.h; fileEncoding = 30; name = ofxGrayscale.h; path = ../../../addons/ofxFX/src/filters/ofxGrayscale.h; sourceTree = SOURCE_ROOT; };
		5E5EAD88DF0323D1C6109408 /* ofxOldTv.h */ = {isa = PBXFileReference; explicitFileType = sourcecode.c.h; fileEncoding = 30; name = ofxOldTv.h; path = ../../../addons/ofxFX/src/filters/ofxOldTv.h; sourceTree = SOURCE_ROOT; };
		62BDB9F397D0AB08DD41E769 /* ofxGrayScott.h */ = {isa = PBXFileReference; explicitFileType = sourcecode.c.h; fileEncoding = 30; name = ofxGrayScott.h; path = ../../../addons/ofxFX/src/generative/ofxGrayScott.h; sourceTree = SOURCE_ROOT; };
		63A47AC60FFAFC3BF093EC0F /* OscOutboundPacketStream.cpp */ = {isa = PBXFileReference; explicitFileType = sourcecode.cpp.cpp; fileEncoding = 30; name = OscOutboundPacketStream.cpp; path = ../../../addons/ofxOsc/libs/oscpack/src/osc/OscOutboundPacketStream.cpp; sourceTree = SOURCE_ROOT; };
		63CD29B9755446A11D1068B5 /* ofxMask.h */ = {isa = PBXFileReference; explicitFileType = sourcecode.c.h; fileEncoding = 30; name = ofxMask.h; path = ../../../addons/ofxFX/src/composers/ofxMask.h; sourceTree = SOURCE_ROOT; };
		65EEFA3DA3526E9CDD9C21F9 /* ofxOscBundle.cpp */ = {isa = PBXFileReference; explicitFileType = sourcecode.cpp.cpp; fileEncoding = 30; name = ofxOscBundle.cpp; path = ../../../addons/ofxOsc/src/ofxOscBundle.cpp; sourceTree = SOURCE_ROOT; };
		6B65E6930994CC4B2D2B8B33 /* OscPacketListener.h */ = {isa = PBXFileReference; explicitFileType = sourcecode.c.h; fileEncoding = 30; name = OscPacketListener.h; path = ../../../addons/ofxOsc/libs/oscpack/src/osc/OscPacketListener.h; sourceTree = SOURCE_ROOT; };
		6C3BF497C4422FA343F951A2 /* ofxMedian.h */ = {isa = PBXFileReference; explicitFileType = sourcecode.c.h; fileEncoding = 30; name = ofxMedian.h; path = ../../../addons/ofxFX/src/filters/ofxMedian.h; sourceTree = SOURCE_ROOT; };
		7689F8A0F3D0B7635A8C3104 /* ofxOscArg.h */ = {isa = PBXFileReference; explicitFileType = sourcecode.c.h; fileEncoding = 30; name = ofxOscArg.h; path = ../../../addons/ofxOsc/src/ofxOscArg.h; sourceTree = SOURCE_ROOT; };
		782D44F4D5E4C1FD710C3716 /* ofxRipples.h */ = {isa = PBXFileReference; explicitFileType = sourcecode.c.h; fileEncoding = 30; name = ofxRipples.h; path = ../../../addons/ofxFX/src/operations/ofxRipples.h; sourceTree = SOURCE_ROOT; };
		7A6AFA6914A5B7479FB247B6 /* ofxClone.h */ = {isa = PBXFileReference; explicitFileType = sourcecode.c.h; fileEncoding = 30; name = ofxClone.h; path = ../../../addons/ofxFX/src/composers/ofxClone.h; sourceTree = SOURCE_ROOT; };
		7AE447E0A447B18D671811A6 /* ofxSwapBuffer.h */ = {isa = PBXFileReference; explicitFileType = sourcecode.c.h; fileEncoding = 30; name = ofxSwapBuffer.h; path = ../../../addons/ofxFX/src/ofxSwapBuffer.h; sourceTree = SOURCE_ROOT; };
		7CCFC9B8ABF5BD21424EBF38 /* ofxDisplacePixels.h */ = {isa = PBXFileReference; explicitFileType = sourcecode.c.h; fileEncoding = 30; name = ofxDisplacePixels.h; path = ../../../addons/ofxFX/src/operations/ofxDisplacePixels.h; sourceTree = SOURCE_ROOT; };
		7F409E745A4DFE45EC22A9CF /* ofxBokeh.h */ = {isa = PBXFileReference; explicitFileType = sourcecode.c.h; fileEncoding = 30; name = ofxBokeh.h; path = ../../../addons/ofxFX/src/filters/ofxBokeh.h; sourceTree = SOURCE_ROOT; };
		81967292BFC87A0144BD32C6 /* ofxOscSender.cpp */ = {isa = PBXFileReference; explicitFileType = sourcecode.cpp.cpp; fileEncoding = 30; name = ofxOscSender.cpp; path = ../../../addons/ofxOsc/src/ofxOscSender.cpp; sourceTree = SOURCE_ROOT; };
		870CDA9CB60D0BD24017A807 /* ofxBounce.h */ = {isa = PBXFileReference; explicitFileType = sourcecode.c.h; fileEncoding = 30; name = ofxBounce.h; path = ../../../addons/ofxFX/src/operations/ofxBounce.h; sourceTree = SOURCE_ROOT; };
		8B30E93FD3D3475EED522A0E /* ofxOscBundle.h */ = {isa = PBXFileReference; explicitFileType = sourcecode.c.h; fileEncoding = 30; name = ofxOscBundle.h; path = ../../../addons/ofxOsc/src/ofxOscBundle.h; sourceTree = SOURCE_ROOT; };
		8C4EF175FF0B7ED0CE6F5FE3 /* ofxNoise.h */ = {isa = PBXFileReference; explicitFileType = sourcecode.c.h; fileEncoding = 30; name = ofxNoise.h; path = ../../../addons/ofxFX/src/generative/ofxNoise.h; sourceTree = SOURCE_ROOT; };
		8C75AFC8774A62495DD53464 /* ofxOscReceiver.h */ = {isa = PBXFileReference; explicitFileType = sourcecode.c.h; fileEncoding = 30; name = ofxOscReceiver.h; path = ../../../addons/ofxOsc/src/ofxOscReceiver.h; sourceTree = SOURCE_ROOT; };
		8EB521E333C7B0CE4CF802B3 /* ofxFire.h */ = {isa = PBXFileReference; explicitFileType = sourcecode.c.h; fileEncoding = 30; name = ofxFire.h; path = ../../../addons/ofxFX/src/generative/ofxFire.h; sourceTree = SOURCE_ROOT; };
		92696C363FF18AA6DFAAD969 /* ofxChromaAb.h */ = {isa = PBXFileReference; explicitFileType = sourcecode.c.h; fileEncoding = 30; name = ofxChromaAb.h; path = ../../../addons/ofxFX/src/filters/ofxChromaAb.h; sourceTree = SOURCE_ROOT; };
		987AD08F097CB59F432D3C8A /* ofxGlow.h */ = {isa = PBXFileReference; explicitFileType = sourcecode.c.h; fileEncoding = 30; name = ofxGlow.h; path = ../../../addons/ofxFX/src/filters/ofxGlow.h; sourceTree = SOURCE_ROOT; };
		9BF3AA0D4FAA89D0F8A0E545 /* OscReceivedElements.cpp */ = {isa = PBXFileReference; explicitFileType = sourcecode.cpp.cpp; fileEncoding = 30; name = OscReceivedElements.cpp; path = ../../../addons/ofxOsc/libs/oscpack/src/osc/OscReceivedElements.cpp; sourceTree = SOURCE_ROOT; };
		9F7986DC4EB05E75FCE2C777 /* ofxOscSender.h */ = {isa = PBXFileReference; explicitFileType = sourcecode.c.h; fileEncoding = 30; name = ofxOscSender.h; path = ../../../addons/ofxOsc/src/ofxOscSender.h; sourceTree = SOURCE_ROOT; };
		A2AAA8CA403479E6FCDF920E /* OscHostEndianness.h */ = {isa = PBXFileReference; explicitFileType = sourcecode.c.h; fileEncoding = 30; name = OscHostEndianness.h; path = ../../../addons/ofxOsc/libs/oscpack/src/osc/OscHostEndianness.h; sourceTree = SOURCE_ROOT; };
		ACE80EF2FE2F3D0A2ED1A824 /* ofxTint.h */ = {isa = PBXFileReference; explicitFileType = sourcecode.c.h; fileEncoding = 30; name = ofxTint.h; path = ../../../addons/ofxFX/src/generative/ofxTint.h; sourceTree = SOURCE_ROOT; };
		ADD194746185E2DA11468377 /* IpEndpointName.cpp */ = {isa = PBXFileReference; explicitFileType = sourcecode.cpp.cpp; fileEncoding = 30; name = IpEndpointName.cpp; path = ../../../addons/ofxOsc/libs/oscpack/src/ip/IpEndpointName.cpp; sourceTree = SOURCE_ROOT; };
		AE335EB4709BFD4671EEAC84 /* MessageMappingOscPacketListener.h */ = {isa = PBXFileReference; explicitFileType = sourcecode.c.h; fileEncoding = 30; name = MessageMappingOscPacketListener.h; path = ../../../addons/ofxOsc/libs/oscpack/src/osc/MessageMappingOscPacketListener.h; sourceTree = SOURCE_ROOT; };
		B2311A009B3E782884BBD59F /* ofxBloom.h */ = {isa = PBXFileReference; explicitFileType = sourcecode.c.h; fileEncoding = 30; name = ofxBloom.h; path = ../../../addons/ofxFX/src/filters/ofxBloom.h; sourceTree = SOURCE_ROOT; };
		B31C608870ECEB2490A93736 /* ofxOscParameterSync.h */ = {isa = PBXFileReference; explicitFileType = sourcecode.c.h; fileEncoding = 30; name = ofxOscParameterSync.h; path = ../../../addons/ofxOsc/src/ofxOscParameterSync.h; sourceTree = SOURCE_ROOT; };
		BC8881B3C8C0A1C45F042E7A /* OscPrintReceivedElements.cpp */ = {isa = PBXFileReference; explicitFileType = sourcecode.cpp.cpp; fileEncoding = 30; name = OscPrintReceivedElements.cpp; path = ../../../addons/ofxOsc/libs/oscpack/src/osc/OscPrintReceivedElements.cpp; sourceTree = SOURCE_ROOT; };
		BE08CC95E6A90C053087AF55 /* ofxGaussianBlur.h */ = {isa = PBXFileReference; explicitFileType = sourcecode.c.h; fileEncoding = 30; name = ofxGaussianBlur.h; path = ../../../addons/ofxFX/src/filters/ofxGaussianBlur.h; sourceTree = SOURCE_ROOT; };
		C2FAC65C491D4231379F3298 /* ofxOscReceiver.cpp */ = {isa = PBXFileReference; explicitFileType = sourcecode.cpp.cpp; fileEncoding = 30; name = ofxOscReceiver.cpp; path = ../../../addons/ofxOsc/src/ofxOscReceiver.cpp; sourceTree = SOURCE_ROOT; };
		C31FEF62BD7316AF85A831B5 /* ofxThreshold.h */ = {isa = PBXFileReference; explicitFileType = sourcecode.c.h; fileEncoding = 30; name = ofxThreshold.h; path = ../../../addons/ofxFX/src/operations/ofxThreshold.h; sourceTree = SOURCE_ROOT; };
		C58862C6D212C8E8A83810F4 /* ofxOscMessage.h */ = {isa = PBXFileReference; explicitFileType = sourcecode.c.h; fileEncoding = 30; name = ofxOscMessage.h; path = ../../../addons/ofxOsc/src/ofxOscMessage.h; sourceTree = SOURCE_ROOT; };
		C6937888E126BADC8777423B /* OscTypes.h */ = {isa = PBXFileReference; explicitFileType = sourcecode.c.h; fileEncoding = 30; name = OscTypes.h; path = ../../../addons/ofxOsc/libs/oscpack/src/osc/OscTypes.h; sourceTree = SOURCE_ROOT; };
		C9BA1A21B87272FB6C63246C /* OSCManager.cpp */ = {isa = PBXFileReference; explicitFileType = sourcecode.cpp.cpp; fileEncoding = 30; name = OSCManager.cpp; path = src/manager/OSCManager.cpp; sourceTree = SOURCE_ROOT; };
		D432A39EA2A57D3781E8EB06 /* ofxLUT.h */ = {isa = PBXFileReference; explicitFileType = sourcecode.c.h; fileEncoding = 30; name = ofxLUT.h; path = ../../../addons/ofxFX/src/filters/ofxLUT.h; sourceTree = SOURCE_ROOT; };
		D4D6DB046477A279EF364999 /* ofxEdgeDetect.h */ = {isa = PBXFileReference; explicitFileType = sourcecode.c.h; fileEncoding = 30; name = ofxEdgeDetect.h; path = ../../../addons/ofxFX/src/operations/ofxEdgeDetect.h; sourceTree = SOURCE_ROOT; };
		D9BFFBBF4CC43DEE890B3C3E /* OscTypes.cpp */ = {isa = PBXFileReference; explicitFileType = sourcecode.cpp.cpp; fileEncoding = 30; name = OscTypes.cpp; path = ../../../addons/ofxOsc/libs/oscpack/src/osc/OscTypes.cpp; sourceTree = SOURCE_ROOT; };
		DF49D76C45D5DB505A234880 /* ofxOscMessage.cpp */ = {isa = PBXFileReference; explicitFileType = sourcecode.cpp.cpp; fileEncoding = 30; name = ofxOscMessage.cpp; path = ../../../addons/ofxOsc/src/ofxOscMessage.cpp; sourceTree = SOURCE_ROOT; };
		E4328143138ABC890047C5CB /* openFrameworksLib.xcodeproj */ = {isa = PBXFileReference; lastKnownFileType = "wrapper.pb-project"; name = openFrameworksLib.xcodeproj; path = ../../../libs/openFrameworksCompiled/project/osx/openFrameworksLib.xcodeproj; sourceTree = SOURCE_ROOT; };
		E4B69B5B0A3A1756003C02F2 /* oF_RippleVisualizerDebug.app */ = {isa = PBXFileReference; explicitFileType = wrapper.application; includeInIndex = 0; path = oF_RippleVisualizerDebug.app; sourceTree = BUILT_PRODUCTS_DIR; };
		E4B69E1D0A3A1BDC003C02F2 /* main.cpp */ = {isa = PBXFileReference; fileEncoding = 30; lastKnownFileType = sourcecode.cpp.cpp; name = main.cpp; path = src/main.cpp; sourceTree = SOURCE_ROOT; };
		E4B69E1E0A3A1BDC003C02F2 /* ofApp.cpp */ = {isa = PBXFileReference; explicitFileType = sourcecode.cpp.cpp; fileEncoding = 30; name = ofApp.cpp; path = src/ofApp.cpp; sourceTree = SOURCE_ROOT; };
		E4B69E1F0A3A1BDC003C02F2 /* ofApp.h */ = {isa = PBXFileReference; fileEncoding = 30; lastKnownFileType = sourcecode.c.h; name = ofApp.h; path = src/ofApp.h; sourceTree = SOURCE_ROOT; };
		E4B6FCAD0C3E899E008CF71C /* openFrameworks-Info.plist */ = {isa = PBXFileReference; fileEncoding = 30; lastKnownFileType = text.plist.xml; path = "openFrameworks-Info.plist"; sourceTree = "<group>"; };
		E4EB691F138AFCF100A09F29 /* CoreOF.xcconfig */ = {isa = PBXFileReference; fileEncoding = 4; lastKnownFileType = text.xcconfig; name = CoreOF.xcconfig; path = ../../../libs/openFrameworksCompiled/project/osx/CoreOF.xcconfig; sourceTree = SOURCE_ROOT; };
		E4EB6923138AFD0F00A09F29 /* Project.xcconfig */ = {isa = PBXFileReference; fileEncoding = 4; lastKnownFileType = text.xcconfig; path = Project.xcconfig; sourceTree = "<group>"; };
		E6DEF695B88BA5FAACEAA937 /* UdpSocket.cpp */ = {isa = PBXFileReference; explicitFileType = sourcecode.cpp.cpp; fileEncoding = 30; name = UdpSocket.cpp; path = ../../../addons/ofxOsc/libs/oscpack/src/ip/posix/UdpSocket.cpp; sourceTree = SOURCE_ROOT; };
		E740F950093E09583E361105 /* MacroManager.cpp */ = {isa = PBXFileReference; explicitFileType = sourcecode.cpp.cpp; fileEncoding = 30; name = MacroManager.cpp; path = src/manager/MacroManager.cpp; sourceTree = SOURCE_ROOT; };
		EF337B1B1CF735AFCAE3C0FD /* OSCManager.hpp */ = {isa = PBXFileReference; explicitFileType = sourcecode.c.h; fileEncoding = 30; name = OSCManager.hpp; path = src/manager/OSCManager.hpp; sourceTree = SOURCE_ROOT; };
		F4F5B6B8BA2BD52C646ED908 /* OscException.h */ = {isa = PBXFileReference; explicitFileType = sourcecode.c.h; fileEncoding = 30; name = OscException.h; path = ../../../addons/ofxOsc/libs/oscpack/src/osc/OscException.h; sourceTree = SOURCE_ROOT; };
		F56A0242CA8F5409C606405E /* ofxFBM.h */ = {isa = PBXFileReference; explicitFileType = sourcecode.c.h; fileEncoding = 30; name = ofxFBM.h; path = ../../../addons/ofxFX/src/generative/ofxFBM.h; sourceTree = SOURCE_ROOT; };
		F5E48C748F236B06C3FD6352 /* ofxAbsDiff.h */ = {isa = PBXFileReference; explicitFileType = sourcecode.c.h; fileEncoding = 30; name = ofxAbsDiff.h; path = ../../../addons/ofxFX/src/operations/ofxAbsDiff.h; sourceTree = SOURCE_ROOT; };
		F7FBC56859535E597B24BB91 /* NetworkingUtils.h */ = {isa = PBXFileReference; explicitFileType = sourcecode.c.h; fileEncoding = 30; name = NetworkingUtils.h; path = ../../../addons/ofxOsc/libs/oscpack/src/ip/NetworkingUtils.h; sourceTree = SOURCE_ROOT; };
		FC1A1D1C728D36BAB767415F /* MacroManager.hpp */ = {isa = PBXFileReference; explicitFileType = sourcecode.c.h; fileEncoding = 30; name = MacroManager.hpp; path = src/manager/MacroManager.hpp; sourceTree = SOURCE_ROOT; };
		FE684EA3567FD4DFEBA0A919 /* ofxMultiTexture.h */ = {isa = PBXFileReference; explicitFileType = sourcecode.c.h; fileEncoding = 30; name = ofxMultiTexture.h; path = ../../../addons/ofxFX/src/composers/ofxMultiTexture.h; sourceTree = SOURCE_ROOT; };
		FFBB9C179ACD9E22178F2874 /* Model.hpp */ = {isa = PBXFileReference; explicitFileType = sourcecode.c.h; fileEncoding = 30; name = Model.hpp; path = src/model/Model.hpp; sourceTree = SOURCE_ROOT; };
/* End PBXFileReference section */

/* Begin PBXFrameworksBuildPhase section */
		E4B69B590A3A1756003C02F2 /* Frameworks */ = {
			isa = PBXFrameworksBuildPhase;
			buildActionMask = 2147483647;
			files = (
				E4328149138ABC9F0047C5CB /* openFrameworksDebug.a in Frameworks */,
			);
			runOnlyForDeploymentPostprocessing = 0;
		};
/* End PBXFrameworksBuildPhase section */

/* Begin PBXGroup section */
		30CB364908817057B430D528 /* osc */ = {
			isa = PBXGroup;
			children = (
				63A47AC60FFAFC3BF093EC0F /* OscOutboundPacketStream.cpp */,
				6B65E6930994CC4B2D2B8B33 /* OscPacketListener.h */,
				D9BFFBBF4CC43DEE890B3C3E /* OscTypes.cpp */,
				4E95FB446A9C9C6F0DE12D75 /* OscPrintReceivedElements.h */,
				AE335EB4709BFD4671EEAC84 /* MessageMappingOscPacketListener.h */,
				A2AAA8CA403479E6FCDF920E /* OscHostEndianness.h */,
				F4F5B6B8BA2BD52C646ED908 /* OscException.h */,
				029684CF678F70F6D3537A29 /* OscOutboundPacketStream.h */,
				9BF3AA0D4FAA89D0F8A0E545 /* OscReceivedElements.cpp */,
				BC8881B3C8C0A1C45F042E7A /* OscPrintReceivedElements.cpp */,
				20F35AFADAF0068B067E713F /* OscReceivedElements.h */,
				C6937888E126BADC8777423B /* OscTypes.h */,
			);
			name = osc;
			sourceTree = "<group>";
		};
		37EEAF5BE699F2C7DD676270 /* src */ = {
			isa = PBXGroup;
			children = (
				E7FE87AA9AE5CA7BE8DFA759 /* composers */,
				389FE9FFF8F20EA90A671145 /* filters */,
				4CF06DA01D9A4561A5001B28 /* ofxFXObject.cpp */,
				7AE447E0A447B18D671811A6 /* ofxSwapBuffer.h */,
				0AB01C0F3826CAA2AE964347 /* ofxFXObject.h */,
				44AC956B7DDEB3EA3AA33B00 /* operations */,
				0360379409DFE7926EFACB24 /* ofxFX.h */,
				C959CBA3130BE8E72D38F769 /* generative */,
			);
			name = src;
			sourceTree = "<group>";
		};
		38871A5825686AE018EC2BF0 /* libs */ = {
			isa = PBXGroup;
			children = (
				86D2677079A3AF4A5A88E29A /* oscpack */,
			);
			name = libs;
			sourceTree = "<group>";
		};
		389FE9FFF8F20EA90A671145 /* filters */ = {
			isa = PBXGroup;
			children = (
				478BFF07E8302C4318515A52 /* ofxChromaGlitch.h */,
				BE08CC95E6A90C053087AF55 /* ofxGaussianBlur.h */,
				5E5EAD88DF0323D1C6109408 /* ofxOldTv.h */,
				200F5DF5E39CFECD07DAD5C7 /* ofxContrast.h */,
				987AD08F097CB59F432D3C8A /* ofxGlow.h */,
				6C3BF497C4422FA343F951A2 /* ofxMedian.h */,
				D432A39EA2A57D3781E8EB06 /* ofxLUT.h */,
				92696C363FF18AA6DFAAD969 /* ofxChromaAb.h */,
				7F409E745A4DFE45EC22A9CF /* ofxBokeh.h */,
				1A2ED38D79EB9CC8B3E113E4 /* ofxInverse.h */,
				264BD182AA1893377670C038 /* ofxBarrelChromaAb.h */,
				B2311A009B3E782884BBD59F /* ofxBloom.h */,
				58CDE3BE1C014BD0DC3CB32E /* ofxGrayscale.h */,
				22D82B140684245A264395B8 /* ofxBlur.h */,
			);
			name = filters;
			sourceTree = "<group>";
		};
		44AC956B7DDEB3EA3AA33B00 /* operations */ = {
			isa = PBXGroup;
			children = (
				0EB7FA30228FFC0E433EE3A8 /* ofxSubstract.h */,
				782D44F4D5E4C1FD710C3716 /* ofxRipples.h */,
				4976D4D0EB5D35AAE81DE51A /* ofxFlow.h */,
				7CCFC9B8ABF5BD21424EBF38 /* ofxDisplacePixels.h */,
				C31FEF62BD7316AF85A831B5 /* ofxThreshold.h */,
				D4D6DB046477A279EF364999 /* ofxEdgeDetect.h */,
				870CDA9CB60D0BD24017A807 /* ofxBounce.h */,
				3A731B10E475E26DE2463937 /* ofxNormals.h */,
				F5E48C748F236B06C3FD6352 /* ofxAbsDiff.h */,
			);
			name = operations;
			sourceTree = "<group>";
		};
		4EB402252053CC1A00FE82BE /* view */ = {
			isa = PBXGroup;
			children = (
				4EB402262053CC2800FE82BE /* RippleView.cpp */,
				4EB402272053CC2800FE82BE /* RippleView.hpp */,
			);
			name = view;
			sourceTree = "<group>";
		};
		641362CA659FAFEE4E81001B /* posix */ = {
			isa = PBXGroup;
			children = (
				3B361208CD4107E479F04E7B /* NetworkingUtils.cpp */,
				E6DEF695B88BA5FAACEAA937 /* UdpSocket.cpp */,
			);
			name = posix;
			sourceTree = "<group>";
		};
		6948EE371B920CB800B5AC1A /* local_addons */ = {
			isa = PBXGroup;
			children = (
			);
			name = local_addons;
			sourceTree = "<group>";
		};
		86D2677079A3AF4A5A88E29A /* oscpack */ = {
			isa = PBXGroup;
			children = (
				D27B2221A225CA523C019676 /* src */,
			);
			name = oscpack;
			sourceTree = "<group>";
		};
		88D4B4E507B8915DD6E36CF4 /* manager */ = {
			isa = PBXGroup;
			children = (
				EF337B1B1CF735AFCAE3C0FD /* OSCManager.hpp */,
				FC1A1D1C728D36BAB767415F /* MacroManager.hpp */,
				C9BA1A21B87272FB6C63246C /* OSCManager.cpp */,
				E740F950093E09583E361105 /* MacroManager.cpp */,
			);
			name = manager;
			sourceTree = "<group>";
		};
		A7350FD77A794C06E83E952A /* model */ = {
			isa = PBXGroup;
			children = (
				FFBB9C179ACD9E22178F2874 /* Model.hpp */,
				0786CDCD99FFE02933C3791C /* Model.cpp */,
			);
			name = model;
			sourceTree = "<group>";
		};
		BB4B014C10F69532006C3DED /* addons */ = {
			isa = PBXGroup;
			children = (
				CABF1A23B637491112B10A00 /* ofxFX */,
				E6053AB7FEC63D5F83825B88 /* ofxOsc */,
			);
			name = addons;
			sourceTree = "<group>";
		};
		BD2F1A9F8D0C05EDB29122D0 /* src */ = {
			isa = PBXGroup;
			children = (
				B31C608870ECEB2490A93736 /* ofxOscParameterSync.h */,
				0AED834CE4DEC5260AF302A2 /* ofxOscParameterSync.cpp */,
				DF49D76C45D5DB505A234880 /* ofxOscMessage.cpp */,
				00D6D32B84B099226431108C /* ofxOsc.h */,
				65EEFA3DA3526E9CDD9C21F9 /* ofxOscBundle.cpp */,
				8C75AFC8774A62495DD53464 /* ofxOscReceiver.h */,
				7689F8A0F3D0B7635A8C3104 /* ofxOscArg.h */,
				C2FAC65C491D4231379F3298 /* ofxOscReceiver.cpp */,
				C58862C6D212C8E8A83810F4 /* ofxOscMessage.h */,
				8B30E93FD3D3475EED522A0E /* ofxOscBundle.h */,
				81967292BFC87A0144BD32C6 /* ofxOscSender.cpp */,
				9F7986DC4EB05E75FCE2C777 /* ofxOscSender.h */,
			);
			name = src;
			sourceTree = "<group>";
		};
		C959CBA3130BE8E72D38F769 /* generative */ = {
			isa = PBXGroup;
			children = (
				F56A0242CA8F5409C606405E /* ofxFBM.h */,
				ACE80EF2FE2F3D0A2ED1A824 /* ofxTint.h */,
				62BDB9F397D0AB08DD41E769 /* ofxGrayScott.h */,
				8EB521E333C7B0CE4CF802B3 /* ofxFire.h */,
				8C4EF175FF0B7ED0CE6F5FE3 /* ofxNoise.h */,
			);
			name = generative;
			sourceTree = "<group>";
		};
		CABF1A23B637491112B10A00 /* ofxFX */ = {
			isa = PBXGroup;
			children = (
				37EEAF5BE699F2C7DD676270 /* src */,
			);
			name = ofxFX;
			sourceTree = "<group>";
		};
		D27B2221A225CA523C019676 /* src */ = {
			isa = PBXGroup;
			children = (
				30CB364908817057B430D528 /* osc */,
				FF8CDF57858E9B94E3237115 /* ip */,
			);
			name = src;
			sourceTree = "<group>";
		};
		E4328144138ABC890047C5CB /* Products */ = {
			isa = PBXGroup;
			children = (
				E4328148138ABC890047C5CB /* openFrameworksDebug.a */,
			);
			name = Products;
			sourceTree = "<group>";
		};
		E4B69B4A0A3A1720003C02F2 = {
			isa = PBXGroup;
			children = (
				E4B6FCAD0C3E899E008CF71C /* openFrameworks-Info.plist */,
				E4EB6923138AFD0F00A09F29 /* Project.xcconfig */,
				E4B69E1C0A3A1BDC003C02F2 /* src */,
				E4EEC9E9138DF44700A80321 /* openFrameworks */,
				BB4B014C10F69532006C3DED /* addons */,
				6948EE371B920CB800B5AC1A /* local_addons */,
				E4B69B5B0A3A1756003C02F2 /* oF_RippleVisualizerDebug.app */,
			);
			sourceTree = "<group>";
		};
		E4B69E1C0A3A1BDC003C02F2 /* src */ = {
			isa = PBXGroup;
			children = (
				4EB402252053CC1A00FE82BE /* view */,
				E4B69E1D0A3A1BDC003C02F2 /* main.cpp */,
				E4B69E1E0A3A1BDC003C02F2 /* ofApp.cpp */,
				E4B69E1F0A3A1BDC003C02F2 /* ofApp.h */,
				88D4B4E507B8915DD6E36CF4 /* manager */,
				A7350FD77A794C06E83E952A /* model */,
			);
			path = src;
			sourceTree = SOURCE_ROOT;
		};
		E4EEC9E9138DF44700A80321 /* openFrameworks */ = {
			isa = PBXGroup;
			children = (
				E4EB691F138AFCF100A09F29 /* CoreOF.xcconfig */,
				E4328143138ABC890047C5CB /* openFrameworksLib.xcodeproj */,
			);
			name = openFrameworks;
			sourceTree = "<group>";
		};
		E6053AB7FEC63D5F83825B88 /* ofxOsc */ = {
			isa = PBXGroup;
			children = (
				BD2F1A9F8D0C05EDB29122D0 /* src */,
				38871A5825686AE018EC2BF0 /* libs */,
			);
			name = ofxOsc;
			sourceTree = "<group>";
		};
		E7FE87AA9AE5CA7BE8DFA759 /* composers */ = {
			isa = PBXGroup;
			children = (
				7A6AFA6914A5B7479FB247B6 /* ofxClone.h */,
				4945618E448568E991F2EC95 /* ofxBlend.h */,
				FE684EA3567FD4DFEBA0A919 /* ofxMultiTexture.h */,
				63CD29B9755446A11D1068B5 /* ofxMask.h */,
			);
			name = composers;
			sourceTree = "<group>";
		};
		FF8CDF57858E9B94E3237115 /* ip */ = {
			isa = PBXGroup;
			children = (
				641362CA659FAFEE4E81001B /* posix */,
				2FD4B0329909D3527F003494 /* UdpSocket.h */,
				444657A12E59D0ED86981498 /* TimerListener.h */,
				23640F57DF6C4BB6BFC5DA4C /* PacketListener.h */,
				48974F980F51769171D0B2F5 /* IpEndpointName.h */,
				ADD194746185E2DA11468377 /* IpEndpointName.cpp */,
				F7FBC56859535E597B24BB91 /* NetworkingUtils.h */,
			);
			name = ip;
			sourceTree = "<group>";
		};
/* End PBXGroup section */

/* Begin PBXNativeTarget section */
		E4B69B5A0A3A1756003C02F2 /* oF_RippleVisualizer */ = {
			isa = PBXNativeTarget;
			buildConfigurationList = E4B69B5F0A3A1757003C02F2 /* Build configuration list for PBXNativeTarget "oF_RippleVisualizer" */;
			buildPhases = (
				E4B69B580A3A1756003C02F2 /* Sources */,
				E4B69B590A3A1756003C02F2 /* Frameworks */,
				E4B6FFFD0C3F9AB9008CF71C /* ShellScript */,
				E4C2427710CC5ABF004149E2 /* CopyFiles */,
			);
			buildRules = (
			);
			dependencies = (
				E4EEB9AC138B136A00A80321 /* PBXTargetDependency */,
			);
			name = oF_RippleVisualizer;
			productName = myOFApp;
			productReference = E4B69B5B0A3A1756003C02F2 /* oF_RippleVisualizerDebug.app */;
			productType = "com.apple.product-type.application";
		};
/* End PBXNativeTarget section */

/* Begin PBXProject section */
		E4B69B4C0A3A1720003C02F2 /* Project object */ = {
			isa = PBXProject;
			attributes = {
				LastUpgradeCheck = 0600;
			};
			buildConfigurationList = E4B69B4D0A3A1720003C02F2 /* Build configuration list for PBXProject "oF_RippleVisualizer" */;
			compatibilityVersion = "Xcode 3.2";
			developmentRegion = English;
			hasScannedForEncodings = 0;
			knownRegions = (
				English,
				Japanese,
				French,
				German,
			);
			mainGroup = E4B69B4A0A3A1720003C02F2;
			productRefGroup = E4B69B4A0A3A1720003C02F2;
			projectDirPath = "";
			projectReferences = (
				{
					ProductGroup = E4328144138ABC890047C5CB /* Products */;
					ProjectRef = E4328143138ABC890047C5CB /* openFrameworksLib.xcodeproj */;
				},
			);
			projectRoot = "";
			targets = (
				E4B69B5A0A3A1756003C02F2 /* oF_RippleVisualizer */,
			);
		};
/* End PBXProject section */

/* Begin PBXReferenceProxy section */
		E4328148138ABC890047C5CB /* openFrameworksDebug.a */ = {
			isa = PBXReferenceProxy;
			fileType = archive.ar;
			path = openFrameworksDebug.a;
			remoteRef = E4328147138ABC890047C5CB /* PBXContainerItemProxy */;
			sourceTree = BUILT_PRODUCTS_DIR;
		};
/* End PBXReferenceProxy section */

/* Begin PBXShellScriptBuildPhase section */
		E4B6FFFD0C3F9AB9008CF71C /* ShellScript */ = {
			isa = PBXShellScriptBuildPhase;
			buildActionMask = 2147483647;
			files = (
			);
			inputPaths = (
			);
			outputPaths = (
			);
			runOnlyForDeploymentPostprocessing = 0;
			shellPath = /bin/sh;
			shellScript = "mkdir -p \"$TARGET_BUILD_DIR/$PRODUCT_NAME.app/Contents/Resources/\"\n# Copy default icon file into App/Resources\nrsync -aved \"$ICON_FILE\" \"$TARGET_BUILD_DIR/$PRODUCT_NAME.app/Contents/Resources/\"\n# Copy libfmod and change install directory for fmod to run\nrsync -aved ../../../libs/fmodex/lib/osx/libfmodex.dylib \"$TARGET_BUILD_DIR/$PRODUCT_NAME.app/Contents/Frameworks/\";\ninstall_name_tool -change @executable_path/libfmodex.dylib @executable_path/../Frameworks/libfmodex.dylib \"$TARGET_BUILD_DIR/$PRODUCT_NAME.app/Contents/MacOS/$PRODUCT_NAME\";\n# Copy GLUT framework (must remove for AppStore submissions)\nrsync -aved ../../../libs/glut/lib/osx/GLUT.framework \"$TARGET_BUILD_DIR/$PRODUCT_NAME.app/Contents/Frameworks/\"\n";
		};
/* End PBXShellScriptBuildPhase section */

/* Begin PBXSourcesBuildPhase section */
		E4B69B580A3A1756003C02F2 /* Sources */ = {
			isa = PBXSourcesBuildPhase;
			buildActionMask = 2147483647;
			files = (
				E4B69E200A3A1BDC003C02F2 /* main.cpp in Sources */,
				E4B69E210A3A1BDC003C02F2 /* ofApp.cpp in Sources */,
				53716395CF8713546DEE6173 /* OSCManager.cpp in Sources */,
				49B1F9B56CEA63884D8845D3 /* MacroManager.cpp in Sources */,
				7D69542A383EC92AC11E75E2 /* Model.cpp in Sources */,
				5355E99D8BBC71222AA2B9FD /* ofxFXObject.cpp in Sources */,
				4ADB88E2FB52E76A471065DE /* ofxOscParameterSync.cpp in Sources */,
				5864AD82E20F15536D054EA3 /* ofxOscMessage.cpp in Sources */,
				4EB402282053CC2800FE82BE /* RippleView.cpp in Sources */,
				72A929D3561B8232A182ABFC /* ofxOscBundle.cpp in Sources */,
				640279EE111671BD026CB013 /* ofxOscReceiver.cpp in Sources */,
				8F5205AEF8861EF234F0651A /* ofxOscSender.cpp in Sources */,
				62545D179C94265CA1389D4A /* OscOutboundPacketStream.cpp in Sources */,
				879A251454401BC0B6E4F238 /* OscTypes.cpp in Sources */,
				0546D1A38E13BD319CC9755B /* OscReceivedElements.cpp in Sources */,
				C4782ECC372420ACE0615B74 /* OscPrintReceivedElements.cpp in Sources */,
				67FE4C7B15C2F0478C8126C2 /* NetworkingUtils.cpp in Sources */,
				510CAFE035E576A4E1502D52 /* UdpSocket.cpp in Sources */,
				ADE367465D2A8EBAD4C7A8D9 /* IpEndpointName.cpp in Sources */,
			);
			runOnlyForDeploymentPostprocessing = 0;
		};
/* End PBXSourcesBuildPhase section */

/* Begin PBXTargetDependency section */
		E4EEB9AC138B136A00A80321 /* PBXTargetDependency */ = {
			isa = PBXTargetDependency;
			name = openFrameworks;
			targetProxy = E4EEB9AB138B136A00A80321 /* PBXContainerItemProxy */;
		};
/* End PBXTargetDependency section */

/* Begin XCBuildConfiguration section */
		E4B69B4E0A3A1720003C02F2 /* Debug */ = {
			isa = XCBuildConfiguration;
			baseConfigurationReference = E4EB6923138AFD0F00A09F29 /* Project.xcconfig */;
			buildSettings = {
				CONFIGURATION_BUILD_DIR = "$(SRCROOT)/bin/";
				COPY_PHASE_STRIP = NO;
				DEAD_CODE_STRIPPING = YES;
				GCC_AUTO_VECTORIZATION = YES;
				GCC_ENABLE_SSE3_EXTENSIONS = YES;
				GCC_ENABLE_SUPPLEMENTAL_SSE3_INSTRUCTIONS = YES;
				GCC_INLINES_ARE_PRIVATE_EXTERN = NO;
				GCC_OPTIMIZATION_LEVEL = 0;
				GCC_SYMBOLS_PRIVATE_EXTERN = NO;
				GCC_WARN_ABOUT_DEPRECATED_FUNCTIONS = YES;
				GCC_WARN_ABOUT_INVALID_OFFSETOF_MACRO = NO;
				GCC_WARN_ALLOW_INCOMPLETE_PROTOCOL = NO;
				GCC_WARN_UNINITIALIZED_AUTOS = NO;
				GCC_WARN_UNUSED_VALUE = NO;
				GCC_WARN_UNUSED_VARIABLE = NO;
				HEADER_SEARCH_PATHS = (
					"$(OF_CORE_HEADERS)",
					src,
					src/manager,
					src/model,
					../../../addons/ofxFX/src,
					../../../addons/ofxFX/src/composers,
					../../../addons/ofxFX/src/filters,
					../../../addons/ofxFX/src/generative,
					../../../addons/ofxFX/src/operations,
					../../../addons/ofxOsc/libs,
					../../../addons/ofxOsc/libs/oscpack,
					../../../addons/ofxOsc/libs/oscpack/src,
					../../../addons/ofxOsc/libs/oscpack/src/ip,
					../../../addons/ofxOsc/libs/oscpack/src/ip/posix,
					../../../addons/ofxOsc/libs/oscpack/src/ip/win32,
					../../../addons/ofxOsc/libs/oscpack/src/osc,
					../../../addons/ofxOsc/src,
				);
				MACOSX_DEPLOYMENT_TARGET = 10.8;
				ONLY_ACTIVE_ARCH = YES;
				OTHER_CPLUSPLUSFLAGS = (
					"-D__MACOSX_CORE__",
					"-mtune=native",
				);
				SDKROOT = macosx;
			};
			name = Debug;
		};
		E4B69B4F0A3A1720003C02F2 /* Release */ = {
			isa = XCBuildConfiguration;
			baseConfigurationReference = E4EB6923138AFD0F00A09F29 /* Project.xcconfig */;
			buildSettings = {
				CONFIGURATION_BUILD_DIR = "$(SRCROOT)/bin/";
				COPY_PHASE_STRIP = YES;
				DEAD_CODE_STRIPPING = YES;
				GCC_AUTO_VECTORIZATION = YES;
				GCC_ENABLE_SSE3_EXTENSIONS = YES;
				GCC_ENABLE_SUPPLEMENTAL_SSE3_INSTRUCTIONS = YES;
				GCC_INLINES_ARE_PRIVATE_EXTERN = NO;
				GCC_OPTIMIZATION_LEVEL = 3;
				GCC_SYMBOLS_PRIVATE_EXTERN = NO;
				GCC_UNROLL_LOOPS = YES;
				GCC_WARN_ABOUT_DEPRECATED_FUNCTIONS = YES;
				GCC_WARN_ABOUT_INVALID_OFFSETOF_MACRO = NO;
				GCC_WARN_ALLOW_INCOMPLETE_PROTOCOL = NO;
				GCC_WARN_UNINITIALIZED_AUTOS = NO;
				GCC_WARN_UNUSED_VALUE = NO;
				GCC_WARN_UNUSED_VARIABLE = NO;
				HEADER_SEARCH_PATHS = (
					"$(OF_CORE_HEADERS)",
					src,
					src/manager,
					src/model,
					../../../addons/ofxFX/src,
					../../../addons/ofxFX/src/composers,
					../../../addons/ofxFX/src/filters,
					../../../addons/ofxFX/src/generative,
					../../../addons/ofxFX/src/operations,
					../../../addons/ofxOsc/libs,
					../../../addons/ofxOsc/libs/oscpack,
					../../../addons/ofxOsc/libs/oscpack/src,
					../../../addons/ofxOsc/libs/oscpack/src/ip,
					../../../addons/ofxOsc/libs/oscpack/src/ip/posix,
					../../../addons/ofxOsc/libs/oscpack/src/ip/win32,
					../../../addons/ofxOsc/libs/oscpack/src/osc,
					../../../addons/ofxOsc/src,
				);
				MACOSX_DEPLOYMENT_TARGET = 10.8;
				OTHER_CPLUSPLUSFLAGS = (
					"-D__MACOSX_CORE__",
					"-mtune=native",
				);
				SDKROOT = macosx;
			};
			name = Release;
		};
		E4B69B600A3A1757003C02F2 /* Debug */ = {
			isa = XCBuildConfiguration;
			baseConfigurationReference = E4EB6923138AFD0F00A09F29 /* Project.xcconfig */;
			buildSettings = {
				COMBINE_HIDPI_IMAGES = YES;
				COPY_PHASE_STRIP = NO;
				FRAMEWORK_SEARCH_PATHS = (
					"$(inherited)",
					"$(FRAMEWORK_SEARCH_PATHS_QUOTED_FOR_TARGET_1)",
				);
				FRAMEWORK_SEARCH_PATHS_QUOTED_FOR_TARGET_1 = "\"$(SRCROOT)/../../../libs/glut/lib/osx\"";
				GCC_DYNAMIC_NO_PIC = NO;
				GCC_GENERATE_DEBUGGING_SYMBOLS = YES;
				GCC_MODEL_TUNING = NONE;
				HEADER_SEARCH_PATHS = (
					"$(OF_CORE_HEADERS)",
					src,
					src/manager,
					src/model,
					../../../addons/ofxFX/src,
					../../../addons/ofxFX/src/composers,
					../../../addons/ofxFX/src/filters,
					../../../addons/ofxFX/src/generative,
					../../../addons/ofxFX/src/operations,
					../../../addons/ofxOsc/libs,
					../../../addons/ofxOsc/libs/oscpack,
					../../../addons/ofxOsc/libs/oscpack/src,
					../../../addons/ofxOsc/libs/oscpack/src/ip,
					../../../addons/ofxOsc/libs/oscpack/src/ip/posix,
					../../../addons/ofxOsc/libs/oscpack/src/ip/win32,
					../../../addons/ofxOsc/libs/oscpack/src/osc,
					../../../addons/ofxOsc/src,
				);
				ICON = "$(ICON_NAME_DEBUG)";
				ICON_FILE = "$(ICON_FILE_PATH)$(ICON)";
				INFOPLIST_FILE = "openFrameworks-Info.plist";
				INSTALL_PATH = /Applications;
				LIBRARY_SEARCH_PATHS = "$(inherited)";
				PRODUCT_NAME = "$(TARGET_NAME)Debug";
				WRAPPER_EXTENSION = app;
			};
			name = Debug;
		};
		E4B69B610A3A1757003C02F2 /* Release */ = {
			isa = XCBuildConfiguration;
			baseConfigurationReference = E4EB6923138AFD0F00A09F29 /* Project.xcconfig */;
			buildSettings = {
				COMBINE_HIDPI_IMAGES = YES;
				COPY_PHASE_STRIP = YES;
				FRAMEWORK_SEARCH_PATHS = (
					"$(inherited)",
					"$(FRAMEWORK_SEARCH_PATHS_QUOTED_FOR_TARGET_1)",
				);
				FRAMEWORK_SEARCH_PATHS_QUOTED_FOR_TARGET_1 = "\"$(SRCROOT)/../../../libs/glut/lib/osx\"";
				GCC_GENERATE_DEBUGGING_SYMBOLS = YES;
				GCC_MODEL_TUNING = NONE;
				HEADER_SEARCH_PATHS = (
					"$(OF_CORE_HEADERS)",
					src,
					src/manager,
					src/model,
					../../../addons/ofxFX/src,
					../../../addons/ofxFX/src/composers,
					../../../addons/ofxFX/src/filters,
					../../../addons/ofxFX/src/generative,
					../../../addons/ofxFX/src/operations,
					../../../addons/ofxOsc/libs,
					../../../addons/ofxOsc/libs/oscpack,
					../../../addons/ofxOsc/libs/oscpack/src,
					../../../addons/ofxOsc/libs/oscpack/src/ip,
					../../../addons/ofxOsc/libs/oscpack/src/ip/posix,
					../../../addons/ofxOsc/libs/oscpack/src/ip/win32,
					../../../addons/ofxOsc/libs/oscpack/src/osc,
					../../../addons/ofxOsc/src,
				);
				ICON = "$(ICON_NAME_RELEASE)";
				ICON_FILE = "$(ICON_FILE_PATH)$(ICON)";
				INFOPLIST_FILE = "openFrameworks-Info.plist";
				INSTALL_PATH = /Applications;
				LIBRARY_SEARCH_PATHS = "$(inherited)";
				PRODUCT_NAME = "$(TARGET_NAME)";
				WRAPPER_EXTENSION = app;
				baseConfigurationReference = E4EB6923138AFD0F00A09F29;
			};
			name = Release;
		};
/* End XCBuildConfiguration section */

/* Begin XCConfigurationList section */
		E4B69B4D0A3A1720003C02F2 /* Build configuration list for PBXProject "oF_RippleVisualizer" */ = {
			isa = XCConfigurationList;
			buildConfigurations = (
				E4B69B4E0A3A1720003C02F2 /* Debug */,
				E4B69B4F0A3A1720003C02F2 /* Release */,
			);
			defaultConfigurationIsVisible = 0;
			defaultConfigurationName = Release;
		};
		E4B69B5F0A3A1757003C02F2 /* Build configuration list for PBXNativeTarget "oF_RippleVisualizer" */ = {
			isa = XCConfigurationList;
			buildConfigurations = (
				E4B69B600A3A1757003C02F2 /* Debug */,
				E4B69B610A3A1757003C02F2 /* Release */,
			);
			defaultConfigurationIsVisible = 0;
			defaultConfigurationName = Release;
		};
/* End XCConfigurationList section */
	};
	rootObject = E4B69B4C0A3A1720003C02F2 /* Project object */;
}
